
Microsoft Visual Studio Solution File, Format Version 12.00
# Visual Studio Version 17
VisualStudioVersion = 17.11.35222.181
MinimumVisualStudioVersion = 10.0.40219.1
Project("{9A19103F-16F7-4668-BE54-9A1E7A4F7556}") = "Exc5", "Exc5\Exc5.csproj", "{36C80FDE-886F-485A-9C9E-5CDA3B706C0E}"
EndProject
Project("{9A19103F-16F7-4668-BE54-9A1E7A4F7556}") = "Exc6", "Exc6\Exc6.csproj", "{D98C60B6-C304-4180-B8CC-60D81DA4A2DE}"
EndProject
Project("{9A19103F-16F7-4668-BE54-9A1E7A4F7556}") = "Exc23", "Exc23\Exc23.csproj", "{D0D5801F-CCC7-4DF5-B5B7-8B89A9494285}"
EndProject
Project("{9A19103F-16F7-4668-BE54-9A1E7A4F7556}") = "Exc24", "Exc24\Exc24.csproj", "{34B193B5-4EFA-42A0-8813-974F8485F909}"
EndProject
Project("{9A19103F-16F7-4668-BE54-9A1E7A4F7556}") = "Exc25", "Exc25\Exc25.csproj", "{84A5002D-8C26-42F2-B5D1-47D664C95AF7}"
EndProject
Project("{9A19103F-16F7-4668-BE54-9A1E7A4F7556}") = "Exc26", "Exc26\Exc26.csproj", "{5A0566FE-53E0-439D-832A-6A7827981E68}"
EndProject
Project("{9A19103F-16F7-4668-BE54-9A1E7A4F7556}") = "Exc51", "Exc51\Exc51.csproj", "{C6E1A3CA-74CB-431F-A9E5-08FCA3712E74}"
EndProject
Project("{FAE04EC0-301F-11D3-BF4B-00C04F79EFBC}") = "Opdr1", "Opdr1\Opdr1.csproj", "{51B463BC-57B6-4C73-9B70-6EA745109FC6}"
EndProject
Project("{FAE04EC0-301F-11D3-BF4B-00C04F79EFBC}") = "Opdr2", "Opdr2\Opdr2.csproj", "{82C99DEE-A8A8-40A6-A300-798411E7C168}"
EndProject
Project("{FAE04EC0-301F-11D3-BF4B-00C04F79EFBC}") = "Opdr3", "Opdr3\Opdr3.csproj", "{CAF2CF67-A489-4EC6-A4CC-398E7074C056}"
EndProject
Project("{FAE04EC0-301F-11D3-BF4B-00C04F79EFBC}") = "Opdr4", "Opdr4\Opdr4.csproj", "{EF4A9CD3-054E-4301-9E84-3536FE4F719F}"
EndProject
Project("{FAE04EC0-301F-11D3-BF4B-00C04F79EFBC}") = "Opdr5", "Opdr5\Opdr5.csproj", "{636D1C61-99C4-4351-9BAB-0C9414C833A7}"
EndProject
Global
	GlobalSection(SolutionConfigurationPlatforms) = preSolution
		Debug|Any CPU = Debug|Any CPU
		Release|Any CPU = Release|Any CPU
	EndGlobalSection
	GlobalSection(ProjectConfigurationPlatforms) = postSolution
		{36C80FDE-886F-485A-9C9E-5CDA3B706C0E}.Debug|Any CPU.ActiveCfg = Debug|Any CPU
		{36C80FDE-886F-485A-9C9E-5CDA3B706C0E}.Debug|Any CPU.Build.0 = Debug|Any CPU
		{36C80FDE-886F-485A-9C9E-5CDA3B706C0E}.Release|Any CPU.ActiveCfg = Release|Any CPU
		{36C80FDE-886F-485A-9C9E-5CDA3B706C0E}.Release|Any CPU.Build.0 = Release|Any CPU
		{D98C60B6-C304-4180-B8CC-60D81DA4A2DE}.Debug|Any CPU.ActiveCfg = Debug|Any CPU
		{D98C60B6-C304-4180-B8CC-60D81DA4A2DE}.Debug|Any CPU.Build.0 = Debug|Any CPU
		{D98C60B6-C304-4180-B8CC-60D81DA4A2DE}.Release|Any CPU.ActiveCfg = Release|Any CPU
		{D98C60B6-C304-4180-B8CC-60D81DA4A2DE}.Release|Any CPU.Build.0 = Release|Any CPU
		{D0D5801F-CCC7-4DF5-B5B7-8B89A9494285}.Debug|Any CPU.ActiveCfg = Debug|Any CPU
		{D0D5801F-CCC7-4DF5-B5B7-8B89A9494285}.Debug|Any CPU.Build.0 = Debug|Any CPU
		{D0D5801F-CCC7-4DF5-B5B7-8B89A9494285}.Release|Any CPU.ActiveCfg = Release|Any CPU
		{D0D5801F-CCC7-4DF5-B5B7-8B89A9494285}.Release|Any CPU.Build.0 = Release|Any CPU
		{34B193B5-4EFA-42A0-8813-974F8485F909}.Debug|Any CPU.ActiveCfg = Debug|Any CPU
		{34B193B5-4EFA-42A0-8813-974F8485F909}.Debug|Any CPU.Build.0 = Debug|Any CPU
		{34B193B5-4EFA-42A0-8813-974F8485F909}.Release|Any CPU.ActiveCfg = Release|Any CPU
		{34B193B5-4EFA-42A0-8813-974F8485F909}.Release|Any CPU.Build.0 = Release|Any CPU
		{84A5002D-8C26-42F2-B5D1-47D664C95AF7}.Debug|Any CPU.ActiveCfg = Debug|Any CPU
		{84A5002D-8C26-42F2-B5D1-47D664C95AF7}.Debug|Any CPU.Build.0 = Debug|Any CPU
		{84A5002D-8C26-42F2-B5D1-47D664C95AF7}.Release|Any CPU.ActiveCfg = Release|Any CPU
		{84A5002D-8C26-42F2-B5D1-47D664C95AF7}.Release|Any CPU.Build.0 = Release|Any CPU
		{5A0566FE-53E0-439D-832A-6A7827981E68}.Debug|Any CPU.ActiveCfg = Debug|Any CPU
		{5A0566FE-53E0-439D-832A-6A7827981E68}.Debug|Any CPU.Build.0 = Debug|Any CPU
		{5A0566FE-53E0-439D-832A-6A7827981E68}.Release|Any CPU.ActiveCfg = Release|Any CPU
		{5A0566FE-53E0-439D-832A-6A7827981E68}.Release|Any CPU.Build.0 = Release|Any CPU
		{C6E1A3CA-74CB-431F-A9E5-08FCA3712E74}.Debug|Any CPU.ActiveCfg = Debug|Any CPU
		{C6E1A3CA-74CB-431F-A9E5-08FCA3712E74}.Debug|Any CPU.Build.0 = Debug|Any CPU
		{C6E1A3CA-74CB-431F-A9E5-08FCA3712E74}.Release|Any CPU.ActiveCfg = Release|Any CPU
		{C6E1A3CA-74CB-431F-A9E5-08FCA3712E74}.Release|Any CPU.Build.0 = Release|Any CPU
		{51B463BC-57B6-4C73-9B70-6EA745109FC6}.Debug|Any CPU.ActiveCfg = Debug|Any CPU
		{51B463BC-57B6-4C73-9B70-6EA745109FC6}.Debug|Any CPU.Build.0 = Debug|Any CPU
		{51B463BC-57B6-4C73-9B70-6EA745109FC6}.Release|Any CPU.ActiveCfg = Release|Any CPU
		{51B463BC-57B6-4C73-9B70-6EA745109FC6}.Release|Any CPU.Build.0 = Release|Any CPU
		{82C99DEE-A8A8-40A6-A300-798411E7C168}.Debug|Any CPU.ActiveCfg = Debug|Any CPU
		{82C99DEE-A8A8-40A6-A300-798411E7C168}.Debug|Any CPU.Build.0 = Debug|Any CPU
		{82C99DEE-A8A8-40A6-A300-798411E7C168}.Release|Any CPU.ActiveCfg = Release|Any CPU
		{82C99DEE-A8A8-40A6-A300-798411E7C168}.Release|Any CPU.Build.0 = Release|Any CPU
		{CAF2CF67-A489-4EC6-A4CC-398E7074C056}.Debug|Any CPU.ActiveCfg = Debug|Any CPU
		{CAF2CF67-A489-4EC6-A4CC-398E7074C056}.Debug|Any CPU.Build.0 = Debug|Any CPU
		{CAF2CF67-A489-4EC6-A4CC-398E7074C056}.Release|Any CPU.ActiveCfg = Release|Any CPU
		{CAF2CF67-A489-4EC6-A4CC-398E7074C056}.Release|Any CPU.Build.0 = Release|Any CPU
		{EF4A9CD3-054E-4301-9E84-3536FE4F719F}.Debug|Any CPU.ActiveCfg = Debug|Any CPU
		{EF4A9CD3-054E-4301-9E84-3536FE4F719F}.Debug|Any CPU.Build.0 = Debug|Any CPU
		{EF4A9CD3-054E-4301-9E84-3536FE4F719F}.Release|Any CPU.ActiveCfg = Release|Any CPU
		{EF4A9CD3-054E-4301-9E84-3536FE4F719F}.Release|Any CPU.Build.0 = Release|Any CPU
		{636D1C61-99C4-4351-9BAB-0C9414C833A7}.Debug|Any CPU.ActiveCfg = Debug|Any CPU
		{636D1C61-99C4-4351-9BAB-0C9414C833A7}.Debug|Any CPU.Build.0 = Debug|Any CPU
		{636D1C61-99C4-4351-9BAB-0C9414C833A7}.Release|Any CPU.ActiveCfg = Release|Any CPU
		{636D1C61-99C4-4351-9BAB-0C9414C833A7}.Release|Any CPU.Build.0 = Release|Any CPU
	EndGlobalSection
	GlobalSection(SolutionProperties) = preSolution
		HideSolutionNode = FALSE
	EndGlobalSection
	GlobalSection(ExtensibilityGlobals) = postSolution
		SolutionGuid = {2CA1D8F9-A538-48CC-843E-12F0C3F456B3}
	EndGlobalSection
EndGlobal
