
Microsoft Visual Studio Solution File, Format Version 12.00
# Visual Studio Version 17
VisualStudioVersion = 17.11.35222.181
MinimumVisualStudioVersion = 10.0.40219.1
Project("{9A19103F-16F7-4668-BE54-9A1E7A4F7556}") = "RandomInteger", "RandomInteger\RandomInteger.csproj", "{1A7C1F94-12F7-4C3A-9894-82C1E2C011D1}"
EndProject
Project("{2150E333-8FDC-42A3-9474-1A3956D46DE8}") = "W1", "W1", "{4F6E9917-09C6-4692-B695-4D649398569E}"
EndProject
Project("{9A19103F-16F7-4668-BE54-9A1E7A4F7556}") = "StringConversie", "StringConversie\StringConversie.csproj", "{18FB9A29-2DAB-4DA4-9AF2-088FD2695F58}"
EndProject
Project("{9A19103F-16F7-4668-BE54-9A1E7A4F7556}") = "DataTypes", "DataTypes\DataTypes.csproj", "{FDF78ED2-B865-4F8B-9EFC-52CD54A831C8}"
EndProject
Project("{9A19103F-16F7-4668-BE54-9A1E7A4F7556}") = "NaamGeving", "NaamGeving\NaamGeving.csproj", "{3C5210C2-4A12-451A-909D-D142C17D068D}"
EndProject
Project("{2150E333-8FDC-42A3-9474-1A3956D46DE8}") = "W2", "W2", "{631F0789-32AC-415F-98B3-506CDAEF9A93}"
EndProject
Project("{9A19103F-16F7-4668-BE54-9A1E7A4F7556}") = "Selection", "Selection\Selection.csproj", "{AC864DE7-AE80-470C-8D50-83C02DA979D5}"
EndProject
Project("{9A19103F-16F7-4668-BE54-9A1E7A4F7556}") = "Methods", "Methods\Methods.csproj", "{D74037C9-1A8B-408D-8BE5-587A7DA62158}"
EndProject
Project("{2150E333-8FDC-42A3-9474-1A3956D46DE8}") = "W3", "W3", "{03F16C6F-21B9-438B-B0FB-C3DB2AA8FC7E}"
EndProject
Project("{2150E333-8FDC-42A3-9474-1A3956D46DE8}") = "W4", "W4", "{59AD0544-9918-45E4-9ACA-319CBFC8F729}"
EndProject
Project("{2150E333-8FDC-42A3-9474-1A3956D46DE8}") = "W5", "W5", "{46332403-73C4-4AFB-B78F-2C37C8A03103}"
EndProject
Project("{9A19103F-16F7-4668-BE54-9A1E7A4F7556}") = "While", "While\While.csproj", "{804D2F65-74A6-4E09-BABB-5D5A006A0AFC}"
EndProject
Project("{9A19103F-16F7-4668-BE54-9A1E7A4F7556}") = "ForLoop", "ForLoop\ForLoop.csproj", "{C4AD3777-CAF9-4A51-9D19-88259020D0A4}"
EndProject
Project("{9A19103F-16F7-4668-BE54-9A1E7A4F7556}") = "Do While", "Do While\Do While.csproj", "{8B05ED3B-32D2-40CB-B851-414208EC2E1E}"
EndProject
Project("{9A19103F-16F7-4668-BE54-9A1E7A4F7556}") = "PrimeNumber", "PrimaNumber\PrimeNumber.csproj", "{991DF1D8-EA8E-4E9B-AB28-976165028E24}"
EndProject
Project("{9A19103F-16F7-4668-BE54-9A1E7A4F7556}") = "Classes", "Classes\Classes.csproj", "{55EE78F9-D1EB-4576-8946-F6C0A3DBA8E9}"
EndProject
Project("{9A19103F-16F7-4668-BE54-9A1E7A4F7556}") = "Enumerations", "Enumerations\Enumerations.csproj", "{7F6983D7-D0B4-4CC1-BDB3-626C4F938C8E}"
EndProject
Project("{9A19103F-16F7-4668-BE54-9A1E7A4F7556}") = "Arrays", "Arrays\Arrays.csproj", "{3F22041E-3921-4016-848D-EFA796825882}"
EndProject
Project("{9A19103F-16F7-4668-BE54-9A1E7A4F7556}") = "Accesmodifiers", "Accesmodifiers\Accesmodifiers.csproj", "{ADCE8EA8-2A4F-4C3E-921C-D6BBE0F4D23E}"
EndProject
Project("{9A19103F-16F7-4668-BE54-9A1E7A4F7556}") = "Backingfields", "Backingfields\Backingfields.csproj", "{129B7054-FC09-4708-B034-89D3D1A460BB}"
EndProject
Project("{9A19103F-16F7-4668-BE54-9A1E7A4F7556}") = "References", "References\References.csproj", "{38A1957C-D80A-48DB-9789-5F7235AEE8E9}"
EndProject
Global
	GlobalSection(SolutionConfigurationPlatforms) = preSolution
		Debug|Any CPU = Debug|Any CPU
		Release|Any CPU = Release|Any CPU
	EndGlobalSection
	GlobalSection(ProjectConfigurationPlatforms) = postSolution
		{1A7C1F94-12F7-4C3A-9894-82C1E2C011D1}.Debug|Any CPU.ActiveCfg = Debug|Any CPU
		{1A7C1F94-12F7-4C3A-9894-82C1E2C011D1}.Debug|Any CPU.Build.0 = Debug|Any CPU
		{1A7C1F94-12F7-4C3A-9894-82C1E2C011D1}.Release|Any CPU.ActiveCfg = Release|Any CPU
		{1A7C1F94-12F7-4C3A-9894-82C1E2C011D1}.Release|Any CPU.Build.0 = Release|Any CPU
		{18FB9A29-2DAB-4DA4-9AF2-088FD2695F58}.Debug|Any CPU.ActiveCfg = Debug|Any CPU
		{18FB9A29-2DAB-4DA4-9AF2-088FD2695F58}.Debug|Any CPU.Build.0 = Debug|Any CPU
		{18FB9A29-2DAB-4DA4-9AF2-088FD2695F58}.Release|Any CPU.ActiveCfg = Release|Any CPU
		{18FB9A29-2DAB-4DA4-9AF2-088FD2695F58}.Release|Any CPU.Build.0 = Release|Any CPU
		{FDF78ED2-B865-4F8B-9EFC-52CD54A831C8}.Debug|Any CPU.ActiveCfg = Debug|Any CPU
		{FDF78ED2-B865-4F8B-9EFC-52CD54A831C8}.Debug|Any CPU.Build.0 = Debug|Any CPU
		{FDF78ED2-B865-4F8B-9EFC-52CD54A831C8}.Release|Any CPU.ActiveCfg = Release|Any CPU
		{FDF78ED2-B865-4F8B-9EFC-52CD54A831C8}.Release|Any CPU.Build.0 = Release|Any CPU
		{3C5210C2-4A12-451A-909D-D142C17D068D}.Debug|Any CPU.ActiveCfg = Debug|Any CPU
		{3C5210C2-4A12-451A-909D-D142C17D068D}.Debug|Any CPU.Build.0 = Debug|Any CPU
		{3C5210C2-4A12-451A-909D-D142C17D068D}.Release|Any CPU.ActiveCfg = Release|Any CPU
		{3C5210C2-4A12-451A-909D-D142C17D068D}.Release|Any CPU.Build.0 = Release|Any CPU
		{AC864DE7-AE80-470C-8D50-83C02DA979D5}.Debug|Any CPU.ActiveCfg = Debug|Any CPU
		{AC864DE7-AE80-470C-8D50-83C02DA979D5}.Debug|Any CPU.Build.0 = Debug|Any CPU
		{AC864DE7-AE80-470C-8D50-83C02DA979D5}.Release|Any CPU.ActiveCfg = Release|Any CPU
		{AC864DE7-AE80-470C-8D50-83C02DA979D5}.Release|Any CPU.Build.0 = Release|Any CPU
		{D74037C9-1A8B-408D-8BE5-587A7DA62158}.Debug|Any CPU.ActiveCfg = Debug|Any CPU
		{D74037C9-1A8B-408D-8BE5-587A7DA62158}.Debug|Any CPU.Build.0 = Debug|Any CPU
		{D74037C9-1A8B-408D-8BE5-587A7DA62158}.Release|Any CPU.ActiveCfg = Release|Any CPU
		{D74037C9-1A8B-408D-8BE5-587A7DA62158}.Release|Any CPU.Build.0 = Release|Any CPU
		{804D2F65-74A6-4E09-BABB-5D5A006A0AFC}.Debug|Any CPU.ActiveCfg = Debug|Any CPU
		{804D2F65-74A6-4E09-BABB-5D5A006A0AFC}.Debug|Any CPU.Build.0 = Debug|Any CPU
		{804D2F65-74A6-4E09-BABB-5D5A006A0AFC}.Release|Any CPU.ActiveCfg = Release|Any CPU
		{804D2F65-74A6-4E09-BABB-5D5A006A0AFC}.Release|Any CPU.Build.0 = Release|Any CPU
		{C4AD3777-CAF9-4A51-9D19-88259020D0A4}.Debug|Any CPU.ActiveCfg = Debug|Any CPU
		{C4AD3777-CAF9-4A51-9D19-88259020D0A4}.Debug|Any CPU.Build.0 = Debug|Any CPU
		{C4AD3777-CAF9-4A51-9D19-88259020D0A4}.Release|Any CPU.ActiveCfg = Release|Any CPU
		{C4AD3777-CAF9-4A51-9D19-88259020D0A4}.Release|Any CPU.Build.0 = Release|Any CPU
		{8B05ED3B-32D2-40CB-B851-414208EC2E1E}.Debug|Any CPU.ActiveCfg = Debug|Any CPU
		{8B05ED3B-32D2-40CB-B851-414208EC2E1E}.Debug|Any CPU.Build.0 = Debug|Any CPU
		{8B05ED3B-32D2-40CB-B851-414208EC2E1E}.Release|Any CPU.ActiveCfg = Release|Any CPU
		{8B05ED3B-32D2-40CB-B851-414208EC2E1E}.Release|Any CPU.Build.0 = Release|Any CPU
		{991DF1D8-EA8E-4E9B-AB28-976165028E24}.Debug|Any CPU.ActiveCfg = Debug|Any CPU
		{991DF1D8-EA8E-4E9B-AB28-976165028E24}.Debug|Any CPU.Build.0 = Debug|Any CPU
		{991DF1D8-EA8E-4E9B-AB28-976165028E24}.Release|Any CPU.ActiveCfg = Release|Any CPU
		{991DF1D8-EA8E-4E9B-AB28-976165028E24}.Release|Any CPU.Build.0 = Release|Any CPU
		{55EE78F9-D1EB-4576-8946-F6C0A3DBA8E9}.Debug|Any CPU.ActiveCfg = Debug|Any CPU
		{55EE78F9-D1EB-4576-8946-F6C0A3DBA8E9}.Debug|Any CPU.Build.0 = Debug|Any CPU
		{55EE78F9-D1EB-4576-8946-F6C0A3DBA8E9}.Release|Any CPU.ActiveCfg = Release|Any CPU
		{55EE78F9-D1EB-4576-8946-F6C0A3DBA8E9}.Release|Any CPU.Build.0 = Release|Any CPU
		{7F6983D7-D0B4-4CC1-BDB3-626C4F938C8E}.Debug|Any CPU.ActiveCfg = Debug|Any CPU
		{7F6983D7-D0B4-4CC1-BDB3-626C4F938C8E}.Debug|Any CPU.Build.0 = Debug|Any CPU
		{7F6983D7-D0B4-4CC1-BDB3-626C4F938C8E}.Release|Any CPU.ActiveCfg = Release|Any CPU
		{7F6983D7-D0B4-4CC1-BDB3-626C4F938C8E}.Release|Any CPU.Build.0 = Release|Any CPU
		{3F22041E-3921-4016-848D-EFA796825882}.Debug|Any CPU.ActiveCfg = Debug|Any CPU
		{3F22041E-3921-4016-848D-EFA796825882}.Debug|Any CPU.Build.0 = Debug|Any CPU
		{3F22041E-3921-4016-848D-EFA796825882}.Release|Any CPU.ActiveCfg = Release|Any CPU
		{3F22041E-3921-4016-848D-EFA796825882}.Release|Any CPU.Build.0 = Release|Any CPU
		{ADCE8EA8-2A4F-4C3E-921C-D6BBE0F4D23E}.Debug|Any CPU.ActiveCfg = Debug|Any CPU
		{ADCE8EA8-2A4F-4C3E-921C-D6BBE0F4D23E}.Debug|Any CPU.Build.0 = Debug|Any CPU
		{ADCE8EA8-2A4F-4C3E-921C-D6BBE0F4D23E}.Release|Any CPU.ActiveCfg = Release|Any CPU
		{ADCE8EA8-2A4F-4C3E-921C-D6BBE0F4D23E}.Release|Any CPU.Build.0 = Release|Any CPU
		{129B7054-FC09-4708-B034-89D3D1A460BB}.Debug|Any CPU.ActiveCfg = Debug|Any CPU
		{129B7054-FC09-4708-B034-89D3D1A460BB}.Debug|Any CPU.Build.0 = Debug|Any CPU
		{129B7054-FC09-4708-B034-89D3D1A460BB}.Release|Any CPU.ActiveCfg = Release|Any CPU
		{129B7054-FC09-4708-B034-89D3D1A460BB}.Release|Any CPU.Build.0 = Release|Any CPU
		{38A1957C-D80A-48DB-9789-5F7235AEE8E9}.Debug|Any CPU.ActiveCfg = Debug|Any CPU
		{38A1957C-D80A-48DB-9789-5F7235AEE8E9}.Debug|Any CPU.Build.0 = Debug|Any CPU
		{38A1957C-D80A-48DB-9789-5F7235AEE8E9}.Release|Any CPU.ActiveCfg = Release|Any CPU
		{38A1957C-D80A-48DB-9789-5F7235AEE8E9}.Release|Any CPU.Build.0 = Release|Any CPU
	EndGlobalSection
	GlobalSection(SolutionProperties) = preSolution
		HideSolutionNode = FALSE
	EndGlobalSection
	GlobalSection(NestedProjects) = preSolution
		{1A7C1F94-12F7-4C3A-9894-82C1E2C011D1} = {4F6E9917-09C6-4692-B695-4D649398569E}
		{18FB9A29-2DAB-4DA4-9AF2-088FD2695F58} = {4F6E9917-09C6-4692-B695-4D649398569E}
		{FDF78ED2-B865-4F8B-9EFC-52CD54A831C8} = {4F6E9917-09C6-4692-B695-4D649398569E}
		{3C5210C2-4A12-451A-909D-D142C17D068D} = {4F6E9917-09C6-4692-B695-4D649398569E}
		{AC864DE7-AE80-470C-8D50-83C02DA979D5} = {631F0789-32AC-415F-98B3-506CDAEF9A93}
		{D74037C9-1A8B-408D-8BE5-587A7DA62158} = {631F0789-32AC-415F-98B3-506CDAEF9A93}
		{804D2F65-74A6-4E09-BABB-5D5A006A0AFC} = {03F16C6F-21B9-438B-B0FB-C3DB2AA8FC7E}
		{C4AD3777-CAF9-4A51-9D19-88259020D0A4} = {03F16C6F-21B9-438B-B0FB-C3DB2AA8FC7E}
		{8B05ED3B-32D2-40CB-B851-414208EC2E1E} = {03F16C6F-21B9-438B-B0FB-C3DB2AA8FC7E}
		{991DF1D8-EA8E-4E9B-AB28-976165028E24} = {03F16C6F-21B9-438B-B0FB-C3DB2AA8FC7E}
		{55EE78F9-D1EB-4576-8946-F6C0A3DBA8E9} = {59AD0544-9918-45E4-9ACA-319CBFC8F729}
		{7F6983D7-D0B4-4CC1-BDB3-626C4F938C8E} = {59AD0544-9918-45E4-9ACA-319CBFC8F729}
		{3F22041E-3921-4016-848D-EFA796825882} = {59AD0544-9918-45E4-9ACA-319CBFC8F729}
		{ADCE8EA8-2A4F-4C3E-921C-D6BBE0F4D23E} = {46332403-73C4-4AFB-B78F-2C37C8A03103}
		{129B7054-FC09-4708-B034-89D3D1A460BB} = {46332403-73C4-4AFB-B78F-2C37C8A03103}
		{38A1957C-D80A-48DB-9789-5F7235AEE8E9} = {46332403-73C4-4AFB-B78F-2C37C8A03103}
	EndGlobalSection
	GlobalSection(ExtensibilityGlobals) = postSolution
		SolutionGuid = {D31EE1AF-0F8D-4C44-865A-9823D74651FF}
	EndGlobalSection
EndGlobal
